
Microsoft Visual Studio Solution File, Format Version 12.00
# Visual Studio 14
VisualStudioVersion = 14.0.25420.1
MinimumVisualStudioVersion = 10.0.40219.1
Project("{FAE04EC0-301F-11D3-BF4B-00C04F79EFBC}") = "EpiserverSiteForSearch", "EpiserverSiteForSearch\EpiserverSiteForSearch.csproj", "{F900C2E1-2E0C-40AE-B6BC-A166DEADC900}"
EndProject
Global
	GlobalSection(SolutionConfigurationPlatforms) = preSolution
		Debug|Any CPU = Debug|Any CPU
		Release|Any CPU = Release|Any CPU
	EndGlobalSection
	GlobalSection(ProjectConfigurationPlatforms) = postSolution
		{F900C2E1-2E0C-40AE-B6BC-A166DEADC900}.Debug|Any CPU.ActiveCfg = Debug|Any CPU
		{F900C2E1-2E0C-40AE-B6BC-A166DEADC900}.Debug|Any CPU.Build.0 = Debug|Any CPU
		{F900C2E1-2E0C-40AE-B6BC-A166DEADC900}.Release|Any CPU.ActiveCfg = Release|Any CPU
		{F900C2E1-2E0C-40AE-B6BC-A166DEADC900}.Release|Any CPU.Build.0 = Release|Any CPU
	EndGlobalSection
	GlobalSection(SolutionProperties) = preSolution
		HideSolutionNode = FALSE
	EndGlobalSection
EndGlobal
